
Microsoft Visual Studio Solution File, Format Version 10.00
# Visual Studio 2008
Project("{8BC9CEB8-8B4A-11D0-8D11-00A0C91BC942}") = "webm_dash_manifest", "webm_dash_manifest.vcproj", "{7215F679-8138-429F-8FD9-192335C52412}"
EndProject
Global
	GlobalSection(SolutionConfigurationPlatforms) = preSolution
		Debug|Win32 = Debug|Win32
		Release|Win32 = Release|Win32
	EndGlobalSection
	GlobalSection(ProjectConfigurationPlatforms) = postSolution
		{7215F679-8138-429F-8FD9-192335C52412}.Debug|Win32.ActiveCfg = Debug|Win32
		{7215F679-8138-429F-8FD9-192335C52412}.Debug|Win32.Build.0 = Debug|Win32
		{7215F679-8138-429F-8FD9-192335C52412}.Release|Win32.ActiveCfg = Release|Win32
		{7215F679-8138-429F-8FD9-192335C52412}.Release|Win32.Build.0 = Release|Win32
	EndGlobalSection
	GlobalSection(SolutionProperties) = preSolution
		HideSolutionNode = FALSE
	EndGlobalSection
EndGlobal
