
Microsoft Visual Studio Solution File, Format Version 10.00
# Visual Studio 2008
Project("{8BC9CEB8-8B4A-11D0-8D11-00A0C91BC942}") = "webm_crypt", "webm_crypt.vcproj", "{AEFFC644-8E7B-4AE0-AF7F-0061A8F5A21E}"
EndProject
Global
	GlobalSection(SolutionConfigurationPlatforms) = preSolution
		Debug|Win32 = Debug|Win32
		Release|Win32 = Release|Win32
	EndGlobalSection
	GlobalSection(ProjectConfigurationPlatforms) = postSolution
		{AEFFC644-8E7B-4AE0-AF7F-0061A8F5A21E}.Debug|Win32.ActiveCfg = Debug|Win32
		{AEFFC644-8E7B-4AE0-AF7F-0061A8F5A21E}.Debug|Win32.Build.0 = Debug|Win32
		{AEFFC644-8E7B-4AE0-AF7F-0061A8F5A21E}.Release|Win32.ActiveCfg = Release|Win32
		{AEFFC644-8E7B-4AE0-AF7F-0061A8F5A21E}.Release|Win32.Build.0 = Release|Win32
	EndGlobalSection
	GlobalSection(SolutionProperties) = preSolution
		HideSolutionNode = FALSE
	EndGlobalSection
EndGlobal
